// !$*UTF8*$!
{
	archiveVersion = 1;
	classes = {
	};
	objectVersion = 50;
	objects = {

/* Begin PBXBuildFile section */
		B658333224934C1E00CB0C7E /* AppDelegate.swift in Sources */ = {isa = PBXBuildFile; fileRef = B658333124934C1E00CB0C7E /* AppDelegate.swift */; };
		B658333424934C1E00CB0C7E /* SceneDelegate.swift in Sources */ = {isa = PBXBuildFile; fileRef = B658333324934C1E00CB0C7E /* SceneDelegate.swift */; };
		B658333624934C1E00CB0C7E /* ViewController.swift in Sources */ = {isa = PBXBuildFile; fileRef = B658333524934C1E00CB0C7E /* ViewController.swift */; };
		B658333924934C1E00CB0C7E /* Main.storyboard in Resources */ = {isa = PBXBuildFile; fileRef = B658333724934C1E00CB0C7E /* Main.storyboard */; };
		B658333B24934C2200CB0C7E /* Assets.xcassets in Resources */ = {isa = PBXBuildFile; fileRef = B658333A24934C2200CB0C7E /* Assets.xcassets */; };
		B658333E24934C2200CB0C7E /* LaunchScreen.storyboard in Resources */ = {isa = PBXBuildFile; fileRef = B658333C24934C2200CB0C7E /* LaunchScreen.storyboard */; };
/* End PBXBuildFile section */

/* Begin PBXFileReference section */
		B658332E24934C1E00CB0C7E /* Kvartirka.app */ = {isa = PBXFileReference; explicitFileType = wrapper.application; includeInIndex = 0; path = Kvartirka.app; sourceTree = BUILT_PRODUCTS_DIR; };
		B658333124934C1E00CB0C7E /* AppDelegate.swift */ = {isa = PBXFileReference; lastKnownFileType = sourcecode.swift; path = AppDelegate.swift; sourceTree = "<group>"; };
		B658333324934C1E00CB0C7E /* SceneDelegate.swift */ = {isa = PBXFileReference; lastKnownFileType = sourcecode.swift; path = SceneDelegate.swift; sourceTree = "<group>"; };
		B658333524934C1E00CB0C7E /* ViewController.swift */ = {isa = PBXFileReference; lastKnownFileType = sourcecode.swift; path = ViewController.swift; sourceTree = "<group>"; };
		B658333824934C1E00CB0C7E /* Base */ = {isa = PBXFileReference; lastKnownFileType = file.storyboard; name = Base; path = Base.lproj/Main.storyboard; sourceTree = "<group>"; };
		B658333A24934C2200CB0C7E /* Assets.xcassets */ = {isa = PBXFileReference; lastKnownFileType = folder.assetcatalog; path = Assets.xcassets; sourceTree = "<group>"; };
		B658333D24934C2200CB0C7E /* Base */ = {isa = PBXFileReference; lastKnownFileType = file.storyboard; name = Base; path = Base.lproj/LaunchScreen.storyboard; sourceTree = "<group>"; };
		B658333F24934C2200CB0C7E /* Info.plist */ = {isa = PBXFileReference; lastKnownFileType = text.plist.xml; path = Info.plist; sourceTree = "<group>"; };
/* End PBXFileReference section */

/* Begin PBXFrameworksBuildPhase section */
		B658332B24934C1E00CB0C7E /* Frameworks */ = {
			isa = PBXFrameworksBuildPhase;
			buildActionMask = 2147483647;
			files = (
			);
			runOnlyForDeploymentPostprocessing = 0;
		};
/* End PBXFrameworksBuildPhase section */

/* Begin PBXGroup section */
		B658332524934C1E00CB0C7E = {
			isa = PBXGroup;
			children = (
				B658333024934C1E00CB0C7E /* Kvartirka */,
				B658332F24934C1E00CB0C7E /* Products */,
			);
			sourceTree = "<group>";
		};
		B658332F24934C1E00CB0C7E /* Products */ = {
			isa = PBXGroup;
			children = (
				B658332E24934C1E00CB0C7E /* Kvartirka.app */,
			);
			name = Products;
			sourceTree = "<group>";
		};
		B658333024934C1E00CB0C7E /* Kvartirka */ = {
			isa = PBXGroup;
			children = (
				B658333124934C1E00CB0C7E /* AppDelegate.swift */,
				B658333324934C1E00CB0C7E /* SceneDelegate.swift */,
				B658333524934C1E00CB0C7E /* ViewController.swift */,
				B658333724934C1E00CB0C7E /* Main.storyboard */,
				B658333A24934C2200CB0C7E /* Assets.xcassets */,
				B658333C24934C2200CB0C7E /* LaunchScreen.storyboard */,
				B658333F24934C2200CB0C7E /* Info.plist */,
			);
			path = Kvartirka;
			sourceTree = "<group>";
		};
/* End PBXGroup section */

/* Begin PBXNativeTarget section */
		B658332D24934C1E00CB0C7E /* Kvartirka */ = {
			isa = PBXNativeTarget;
			buildConfigurationList = B658334224934C2200CB0C7E /* Build configuration list for PBXNativeTarget "Kvartirka" */;
			buildPhases = (
				B658332A24934C1E00CB0C7E /* Sources */,
				B658332B24934C1E00CB0C7E /* Frameworks */,
				B658332C24934C1E00CB0C7E /* Resources */,
			);
			buildRules = (
			);
			dependencies = (
			);
			name = Kvartirka;
			productName = Kvartirka;
			productReference = B658332E24934C1E00CB0C7E /* Kvartirka.app */;
			productType = "com.apple.product-type.application";
		};
/* End PBXNativeTarget section */

/* Begin PBXProject section */
		B658332624934C1E00CB0C7E /* Project object */ = {
			isa = PBXProject;
			attributes = {
				LastSwiftUpdateCheck = 1150;
				LastUpgradeCheck = 1150;
				ORGANIZATIONNAME = "Екатерина Протасова";
				TargetAttributes = {
					B658332D24934C1E00CB0C7E = {
						CreatedOnToolsVersion = 11.5;
					};
				};
			};
			buildConfigurationList = B658332924934C1E00CB0C7E /* Build configuration list for PBXProject "Kvartirka" */;
			compatibilityVersion = "Xcode 9.3";
			developmentRegion = en;
			hasScannedForEncodings = 0;
			knownRegions = (
				en,
				Base,
			);
			mainGroup = B658332524934C1E00CB0C7E;
			productRefGroup = B658332F24934C1E00CB0C7E /* Products */;
			projectDirPath = "";
			projectRoot = "";
			targets = (
				B658332D24934C1E00CB0C7E /* Kvartirka */,
			);
		};
/* End PBXProject section */

/* Begin PBXResourcesBuildPhase section */
		B658332C24934C1E00CB0C7E /* Resources */ = {
			isa = PBXResourcesBuildPhase;
			buildActionMask = 2147483647;
			files = (
				B658333E24934C2200CB0C7E /* LaunchScreen.storyboard in Resources */,
				B658333B24934C2200CB0C7E /* Assets.xcassets in Resources */,
				B658333924934C1E00CB0C7E /* Main.storyboard in Resources */,
			);
			runOnlyForDeploymentPostprocessing = 0;
		};
/* End PBXResourcesBuildPhase section */

/* Begin PBXSourcesBuildPhase section */
		B658332A24934C1E00CB0C7E /* Sources */ = {
			isa = PBXSourcesBuildPhase;
			buildActionMask = 2147483647;
			files = (
				B658333624934C1E00CB0C7E /* ViewController.swift in Sources */,
				B658333224934C1E00CB0C7E /* AppDelegate.swift in Sources */,
				B658333424934C1E00CB0C7E /* SceneDelegate.swift in Sources */,
			);
			runOnlyForDeploymentPostprocessing = 0;
		};
/* End PBXSourcesBuildPhase section */

/* Begin PBXVariantGroup section */
		B658333724934C1E00CB0C7E /* Main.storyboard */ = {
			isa = PBXVariantGroup;
			children = (
				B658333824934C1E00CB0C7E /* Base */,
			);
			name = Main.storyboard;
			sourceTree = "<group>";
		};
		B658333C24934C2200CB0C7E /* LaunchScreen.storyboard */ = {
			isa = PBXVariantGroup;
			children = (
				B658333D24934C2200CB0C7E /* Base */,
			);
			name = LaunchScreen.storyboard;
			sourceTree = "<group>";
		};
/* End PBXVariantGroup section */

/* Begin XCBuildConfiguration section */
		B658334024934C2200CB0C7E /* Debug */ = {
			isa = XCBuildConfiguration;
			buildSettings = {
				ALWAYS_SEARCH_USER_PATHS = NO;
				CLANG_ANALYZER_NONNULL = YES;
				CLANG_ANALYZER_NUMBER_OBJECT_CONVERSION = YES_AGGRESSIVE;
				CLANG_CXX_LANGUAGE_STANDARD = "gnu++14";
				CLANG_CXX_LIBRARY = "libc++";
				CLANG_ENABLE_MODULES = YES;
				CLANG_ENABLE_OBJC_ARC = YES;
				CLANG_ENABLE_OBJC_WEAK = YES;
				CLANG_WARN_BLOCK_CAPTURE_AUTORELEASING = YES;
				CLANG_WARN_BOOL_CONVERSION = YES;
				CLANG_WARN_COMMA = YES;
				CLANG_WARN_CONSTANT_CONVERSION = YES;
				CLANG_WARN_DEPRECATED_OBJC_IMPLEMENTATIONS = YES;
				CLANG_WARN_DIRECT_OBJC_ISA_USAGE = YES_ERROR;
				CLANG_WARN_DOCUMENTATION_COMMENTS = YES;
				CLANG_WARN_EMPTY_BODY = YES;
				CLANG_WARN_ENUM_CONVERSION = YES;
				CLANG_WARN_INFINITE_RECURSION = YES;
				CLANG_WARN_INT_CONVERSION = YES;
				CLANG_WARN_NON_LITERAL_NULL_CONVERSION = YES;
				CLANG_WARN_OBJC_IMPLICIT_RETAIN_SELF = YES;
				CLANG_WARN_OBJC_LITERAL_CONVERSION = YES;
				CLANG_WARN_OBJC_ROOT_CLASS = YES_ERROR;
				CLANG_WARN_RANGE_LOOP_ANALYSIS = YES;
				CLANG_WARN_STRICT_PROTOTYPES = YES;
				CLANG_WARN_SUSPICIOUS_MOVE = YES;
				CLANG_WARN_UNGUARDED_AVAILABILITY = YES_AGGRESSIVE;
				CLANG_WARN_UNREACHABLE_CODE = YES;
				CLANG_WARN__DUPLICATE_METHOD_MATCH = YES;
				COPY_PHASE_STRIP = NO;
				DEBUG_INFORMATION_FORMAT = dwarf;
				ENABLE_STRICT_OBJC_MSGSEND = YES;
				ENABLE_TESTABILITY = YES;
				GCC_C_LANGUAGE_STANDARD = gnu11;
				GCC_DYNAMIC_NO_PIC = NO;
				GCC_NO_COMMON_BLOCKS = YES;
				GCC_OPTIMIZATION_LEVEL = 0;
				GCC_PREPROCESSOR_DEFINITIONS = (
					"DEBUG=1",
					"$(inherited)",
				);
				GCC_WARN_64_TO_32_BIT_CONVERSION = YES;
				GCC_WARN_ABOUT_RETURN_TYPE = YES_ERROR;
				GCC_WARN_UNDECLARED_SELECTOR = YES;
				GCC_WARN_UNINITIALIZED_AUTOS = YES_AGGRESSIVE;
				GCC_WARN_UNUSED_FUNCTION = YES;
				GCC_WARN_UNUSED_VARIABLE = YES;
				IPHONEOS_DEPLOYMENT_TARGET = 13.5;
				MTL_ENABLE_DEBUG_INFO = INCLUDE_SOURCE;
				MTL_FAST_MATH = YES;
				ONLY_ACTIVE_ARCH = YES;
				SDKROOT = iphoneos;
				SWIFT_ACTIVE_COMPILATION_CONDITIONS = DEBUG;
				SWIFT_OPTIMIZATION_LEVEL = "-Onone";
			};
			name = Debug;
		};
		B658334124934C2200CB0C7E /* Release */ = {
			isa = XCBuildConfiguration;
			buildSettings = {
				ALWAYS_SEARCH_USER_PATHS = NO;
				CLANG_ANALYZER_NONNULL = YES;
				CLANG_ANALYZER_NUMBER_OBJECT_CONVERSION = YES_AGGRESSIVE;
				CLANG_CXX_LANGUAGE_STANDARD = "gnu++14";
				CLANG_CXX_LIBRARY = "libc++";
				CLANG_ENABLE_MODULES = YES;
				CLANG_ENABLE_OBJC_ARC = YES;
				CLANG_ENABLE_OBJC_WEAK = YES;
				CLANG_WARN_BLOCK_CAPTURE_AUTORELEASING = YES;
				CLANG_WARN_BOOL_CONVERSION = YES;
				CLANG_WARN_COMMA = YES;
				CLANG_WARN_CONSTANT_CONVERSION = YES;
				CLANG_WARN_DEPRECATED_OBJC_IMPLEMENTATIONS = YES;
				CLANG_WARN_DIRECT_OBJC_ISA_USAGE = YES_ERROR;
				CLANG_WARN_DOCUMENTATION_COMMENTS = YES;
				CLANG_WARN_EMPTY_BODY = YES;
				CLANG_WARN_ENUM_CONVERSION = YES;
				CLANG_WARN_INFINITE_RECURSION = YES;
				CLANG_WARN_INT_CONVERSION = YES;
				CLANG_WARN_NON_LITERAL_NULL_CONVERSION = YES;
				CLANG_WARN_OBJC_IMPLICIT_RETAIN_SELF = YES;
				CLANG_WARN_OBJC_LITERAL_CONVERSION = YES;
				CLANG_WARN_OBJC_ROOT_CLASS = YES_ERROR;
				CLANG_WARN_RANGE_LOOP_ANALYSIS = YES;
				CLANG_WARN_STRICT_PROTOTYPES = YES;
				CLANG_WARN_SUSPICIOUS_MOVE = YES;
				CLANG_WARN_UNGUARDED_AVAILABILITY = YES_AGGRESSIVE;
				CLANG_WARN_UNREACHABLE_CODE = YES;
				CLANG_WARN__DUPLICATE_METHOD_MATCH = YES;
				COPY_PHASE_STRIP = NO;
				DEBUG_INFORMATION_FORMAT = "dwarf-with-dsym";
				ENABLE_NS_ASSERTIONS = NO;
				ENABLE_STRICT_OBJC_MSGSEND = YES;
				GCC_C_LANGUAGE_STANDARD = gnu11;
				GCC_NO_COMMON_BLOCKS = YES;
				GCC_WARN_64_TO_32_BIT_CONVERSION = YES;
				GCC_WARN_ABOUT_RETURN_TYPE = YES_ERROR;
				GCC_WARN_UNDECLARED_SELECTOR = YES;
				GCC_WARN_UNINITIALIZED_AUTOS = YES_AGGRESSIVE;
				GCC_WARN_UNUSED_FUNCTION = YES;
				GCC_WARN_UNUSED_VARIABLE = YES;
				IPHONEOS_DEPLOYMENT_TARGET = 13.5;
				MTL_ENABLE_DEBUG_INFO = NO;
				MTL_FAST_MATH = YES;
				SDKROOT = iphoneos;
				SWIFT_COMPILATION_MODE = wholemodule;
				SWIFT_OPTIMIZATION_LEVEL = "-O";
				VALIDATE_PRODUCT = YES;
			};
			name = Release;
		};
		B658334324934C2200CB0C7E /* Debug */ = {
			isa = XCBuildConfiguration;
			buildSettings = {
				ASSETCATALOG_COMPILER_APPICON_NAME = AppIcon;
				CODE_SIGN_STYLE = Automatic;
				DEVELOPMENT_TEAM = 89M4KZ3F4Z;
				INFOPLIST_FILE = Kvartirka/Info.plist;
				LD_RUNPATH_SEARCH_PATHS = (
					"$(inherited)",
					"@executable_path/Frameworks",
				);
				PRODUCT_BUNDLE_IDENTIFIER = com.EP.Kvartirka;
				PRODUCT_NAME = "$(TARGET_NAME)";
				SWIFT_VERSION = 5.0;
				TARGETED_DEVICE_FAMILY = "1,2";
			};
			name = Debug;
		};
		B658334424934C2200CB0C7E /* Release */ = {
			isa = XCBuildConfiguration;
			buildSettings = {
				ASSETCATALOG_COMPILER_APPICON_NAME = AppIcon;
				CODE_SIGN_STYLE = Automatic;
				DEVELOPMENT_TEAM = 89M4KZ3F4Z;
				INFOPLIST_FILE = Kvartirka/Info.plist;
				LD_RUNPATH_SEARCH_PATHS = (
					"$(inherited)",
					"@executable_path/Frameworks",
				);
				PRODUCT_BUNDLE_IDENTIFIER = com.EP.Kvartirka;
				PRODUCT_NAME = "$(TARGET_NAME)";
				SWIFT_VERSION = 5.0;
				TARGETED_DEVICE_FAMILY = "1,2";
			};
			name = Release;
		};
/* End XCBuildConfiguration section */

/* Begin XCConfigurationList section */
		B658332924934C1E00CB0C7E /* Build configuration list for PBXProject "Kvartirka" */ = {
			isa = XCConfigurationList;
			buildConfigurations = (
				B658334024934C2200CB0C7E /* Debug */,
				B658334124934C2200CB0C7E /* Release */,
			);
			defaultConfigurationIsVisible = 0;
			defaultConfigurationName = Release;
		};
		B658334224934C2200CB0C7E /* Build configuration list for PBXNativeTarget "Kvartirka" */ = {
			isa = XCConfigurationList;
			buildConfigurations = (
				B658334324934C2200CB0C7E /* Debug */,
				B658334424934C2200CB0C7E /* Release */,
			);
			defaultConfigurationIsVisible = 0;
			defaultConfigurationName = Release;
		};
/* End XCConfigurationList section */
	};
	rootObject = B658332624934C1E00CB0C7E /* Project object */;
}
